{
    "_readme": [
        "This file locks the dependencies of your project to a known state",
        "Read more about it at https://getcomposer.org/doc/01-basic-usage.md#installing-dependencies",
        "This file is @generated automatically"
    ],
    "content-hash": "c0ad9893164200b99223b63296d0cd69",
    "packages": [
        {
            "name": "fidele007/bakong-khqr-php",
            "version": "v1.2.0",
            "source": {
                "type": "git",
                "url": "https://github.com/fidele007/bakong-khqr-php.git",
                "reference": "274ba40d9cea86a83055285839dafd6c1edea337"
            },
            "dist": {
                "type": "zip",
                "url": "https://api.github.com/repos/fidele007/bakong-khqr-php/zipball/274ba40d9cea86a83055285839dafd6c1edea337",
                "reference": "274ba40d9cea86a83055285839dafd6c1edea337",
                "shasum": ""
            },
            "require": {
                "php": ">=7.4"
            },
            "require-dev": {
                "laravel/pint": "^1.21",
                "phpstan/phpstan": "^2.1.8",
                "phpunit/phpunit": "^9.6",
                "rector/rector": "^2.0.10",
                "roave/security-advisories": "dev-latest"
            },
            "type": "library",
            "autoload": {
                "psr-4": {
                    "KHQR\\": "src/"
                }
            },
            "notification-url": "https://packagist.org/downloads/",
            "license": [
                "MIT"
            ],
            "authors": [
                {
                    "name": "Force Fidele KIEN",
                    "email": "forcefidele@gmail.com",
                    "homepage": "https://fidele007.github.io",
                    "role": "Developer"
                }
            ],
            "description": "A pure PHP implementation of the Bakong KHQR SDK",
            "keywords": [
                "bakong",
                "khqr"
            ],
            "support": {
                "issues": "https://github.com/fidele007/bakong-khqr-php/issues",
                "source": "https://github.com/fidele007/bakong-khqr-php/tree/v1.2.0"
            },
            "funding": [
                {
                    "url": "https://www.github.com/sponsors/fidele007",
                    "type": "github"
                }
            ],
            "time": "2025-05-09T14:30:10+00:00"
        }
    ],
    "packages-dev": [],
    "aliases": [],
    "minimum-stability": "stable",
    "stability-flags": {},
    "prefer-stable": false,
    "prefer-lowest": false,
    "platform": {},
    "platform-dev": {},
    "plugin-api-version": "2.6.0"
}
